
Microsoft Visual Studio Solution File, Format Version 12.00
# Visual Studio 15
VisualStudioVersion = 15.0.26124.0
MinimumVisualStudioVersion = 15.0.26124.0
Project("{2150E333-8FDC-42A3-9474-1A3956D46DE8}") = "src", "src", "{2418494E-4A69-4D2E-8816-D41BC5D26965}"
EndProject
Project("{FAE04EC0-301F-11D3-BF4B-00C04F79EFBC}") = "SimpleApi", "src\SimpleApi\SimpleApi.csProj", "{64A82785-CE6E-4352-AA54-AD73B54BDA03}"
EndProject
Project("{2150E333-8FDC-42A3-9474-1A3956D46DE8}") = "test", "test", "{88987993-4BD2-4C21-AE29-E66BE7C723BB}"
EndProject
Project("{FAE04EC0-301F-11D3-BF4B-00C04F79EFBC}") = "SimpleApi.Test", "test\SimpleApi.Test\SimpleApi.Test.csProj", "{15619630-116B-4913-BDE5-7BB290DC608D}"
EndProject
Global
	GlobalSection(SolutionConfigurationPlatforms) = preSolution
		Debug|Any CPU = Debug|Any CPU
		Debug|x64 = Debug|x64
		Debug|x86 = Debug|x86
		Release|Any CPU = Release|Any CPU
		Release|x64 = Release|x64
		Release|x86 = Release|x86
	EndGlobalSection
	GlobalSection(SolutionProperties) = preSolution
		HideSolutionNode = FALSE
	EndGlobalSection
	GlobalSection(ProjectConfigurationPlatforms) = postSolution
		{64A82785-CE6E-4352-AA54-AD73B54BDA03}.Debug|Any CPU.ActiveCfg = Debug|Any CPU
		{64A82785-CE6E-4352-AA54-AD73B54BDA03}.Debug|Any CPU.Build.0 = Debug|Any CPU
		{64A82785-CE6E-4352-AA54-AD73B54BDA03}.Debug|x64.ActiveCfg = Debug|Any CPU
		{64A82785-CE6E-4352-AA54-AD73B54BDA03}.Debug|x64.Build.0 = Debug|Any CPU
		{64A82785-CE6E-4352-AA54-AD73B54BDA03}.Debug|x86.ActiveCfg = Debug|Any CPU
		{64A82785-CE6E-4352-AA54-AD73B54BDA03}.Debug|x86.Build.0 = Debug|Any CPU
		{64A82785-CE6E-4352-AA54-AD73B54BDA03}.Release|Any CPU.ActiveCfg = Release|Any CPU
		{64A82785-CE6E-4352-AA54-AD73B54BDA03}.Release|Any CPU.Build.0 = Release|Any CPU
		{64A82785-CE6E-4352-AA54-AD73B54BDA03}.Release|x64.ActiveCfg = Release|Any CPU
		{64A82785-CE6E-4352-AA54-AD73B54BDA03}.Release|x64.Build.0 = Release|Any CPU
		{64A82785-CE6E-4352-AA54-AD73B54BDA03}.Release|x86.ActiveCfg = Release|Any CPU
		{64A82785-CE6E-4352-AA54-AD73B54BDA03}.Release|x86.Build.0 = Release|Any CPU
		{15619630-116B-4913-BDE5-7BB290DC608D}.Debug|Any CPU.ActiveCfg = Debug|Any CPU
		{15619630-116B-4913-BDE5-7BB290DC608D}.Debug|Any CPU.Build.0 = Debug|Any CPU
		{15619630-116B-4913-BDE5-7BB290DC608D}.Debug|x64.ActiveCfg = Debug|Any CPU
		{15619630-116B-4913-BDE5-7BB290DC608D}.Debug|x64.Build.0 = Debug|Any CPU
		{15619630-116B-4913-BDE5-7BB290DC608D}.Debug|x86.ActiveCfg = Debug|Any CPU
		{15619630-116B-4913-BDE5-7BB290DC608D}.Debug|x86.Build.0 = Debug|Any CPU
		{15619630-116B-4913-BDE5-7BB290DC608D}.Release|Any CPU.ActiveCfg = Release|Any CPU
		{15619630-116B-4913-BDE5-7BB290DC608D}.Release|Any CPU.Build.0 = Release|Any CPU
		{15619630-116B-4913-BDE5-7BB290DC608D}.Release|x64.ActiveCfg = Release|Any CPU
		{15619630-116B-4913-BDE5-7BB290DC608D}.Release|x64.Build.0 = Release|Any CPU
		{15619630-116B-4913-BDE5-7BB290DC608D}.Release|x86.ActiveCfg = Release|Any CPU
		{15619630-116B-4913-BDE5-7BB290DC608D}.Release|x86.Build.0 = Release|Any CPU
	EndGlobalSection
	GlobalSection(NestedProjects) = preSolution
		{64A82785-CE6E-4352-AA54-AD73B54BDA03} = {2418494E-4A69-4D2E-8816-D41BC5D26965}
		{15619630-116B-4913-BDE5-7BB290DC608D} = {88987993-4BD2-4C21-AE29-E66BE7C723BB}
	EndGlobalSection
EndGlobal
